{
  "name": "@cowasm/ncurses",
  "version": "1.0.0",
  "lockfileVersion": 2,
  "requires": true,
  "packages": {
    "": {
      "name": "@cowasm/ncurses",
      "version": "1.0.0",
      "license": "BSD-3-Clause",
      "devDependencies": {
        "@cowasm/lzma": "^1.0.3",
        "@cowasm/posix-wasm": "^1.0.3"
      }
    },
    "node_modules/@cowasm/lzma": {
      "version": "1.0.3",
      "resolved": "https://registry.npmjs.org/@cowasm/lzma/-/lzma-1.0.3.tgz",
      "integrity": "sha512-0LIVYIAHnN8/chkYImT0a+PSj+SD57/txQNGHh14JWtclTqZzeHeMCp0sbzf5bj1a1uV3+ZW8Elhl+gQPT4dFQ==",
      "dev": true
    },
    "node_modules/@cowasm/posix-wasm": {
      "version": "1.0.3",
      "resolved": "https://registry.npmjs.org/@cowasm/posix-wasm/-/posix-wasm-1.0.3.tgz",
      "integrity": "sha512-24kFsWhxDNPnlSxBq0Idk7YLIxWTNQ74SM3vTiCg0xhwaa6cto/J+X4QEOC6YDIRyHCcHCl28xCd4JJbfHcO8A==",
      "dev": true
    }
  },
  "dependencies": {
    "@cowasm/lzma": {
      "version": "1.0.3",
      "resolved": "https://registry.npmjs.org/@cowasm/lzma/-/lzma-1.0.3.tgz",
      "integrity": "sha512-0LIVYIAHnN8/chkYImT0a+PSj+SD57/txQNGHh14JWtclTqZzeHeMCp0sbzf5bj1a1uV3+ZW8Elhl+gQPT4dFQ==",
      "dev": true
    },
    "@cowasm/posix-wasm": {
      "version": "1.0.3",
      "resolved": "https://registry.npmjs.org/@cowasm/posix-wasm/-/posix-wasm-1.0.3.tgz",
      "integrity": "sha512-24kFsWhxDNPnlSxBq0Idk7YLIxWTNQ74SM3vTiCg0xhwaa6cto/J+X4QEOC6YDIRyHCcHCl28xCd4JJbfHcO8A==",
      "dev": true
    }
  }
}
