{
  "name": "@cowasm/coreutils",
  "version": "1.1.0",
  "lockfileVersion": 3,
  "requires": true,
  "packages": {
    "": {
      "name": "@cowasm/coreutils",
      "version": "1.1.0",
      "license": "BSD-3-Clause",
      "devDependencies": {
        "@cowasm/bzip2": "^1.0.1",
        "@cowasm/posix-wasm": "^1.1.1",
        "@cowasm/zlib": "^1.0.0"
      }
    },
    "node_modules/@cowasm/bzip2": {
      "version": "1.0.1",
      "resolved": "https://registry.npmjs.org/@cowasm/bzip2/-/bzip2-1.0.1.tgz",
      "integrity": "sha512-K/1rrbG/DvoAfqmaP0u5vlIEHEirAdhTamQMQ56tUN2gQyyviGo9Em1yKP3xX1GCiHHc8ew0fjNZdgwSNED0wA==",
      "dev": true
    },
    "node_modules/@cowasm/posix-wasm": {
      "version": "1.1.1",
      "resolved": "https://registry.npmjs.org/@cowasm/posix-wasm/-/posix-wasm-1.1.1.tgz",
      "integrity": "sha512-r74uiSn0vXHaoP9nZSU2MuJNkYl+yqJJ9aPdvjbo3KKQ41DVJxHAKkJKQTSvdFbTfZp5hu9+G6l6t1iSe/4WHA==",
      "dev": true
    },
    "node_modules/@cowasm/zlib": {
      "version": "1.0.0",
      "resolved": "https://registry.npmjs.org/@cowasm/zlib/-/zlib-1.0.0.tgz",
      "integrity": "sha512-VeIcwaxUQipmM8ggWMgd1/L2l1H5WGGb9RcJiRTSMIMWx2fQ4evWxCMeOMMv1MWUrK+FqXdTa0IagN/sPVMUHQ==",
      "dev": true
    }
  }
}
