{
  "name": "@cowasm/dash",
  "version": "1.0.0",
  "lockfileVersion": 2,
  "requires": true,
  "packages": {
    "": {
      "name": "@cowasm/dash",
      "version": "1.0.0",
      "license": "BSD-3-Clause",
      "devDependencies": {
        "@cowasm/libedit": "^1.0.0"
      }
    },
    "node_modules/@cowasm/libedit": {
      "version": "1.0.0",
      "resolved": "https://registry.npmjs.org/@cowasm/libedit/-/libedit-1.0.0.tgz",
      "integrity": "sha512-tl6l5L4FRqlMApUNFkgOZZ7/hiV+x33CZVFSN5mlQYJIuP6hKmvoMwoImuSW+yEYNhDAxce3omUSRkR/Xf4LZg==",
      "dev": true
    }
  },
  "dependencies": {
    "@cowasm/libedit": {
      "version": "1.0.0",
      "resolved": "https://registry.npmjs.org/@cowasm/libedit/-/libedit-1.0.0.tgz",
      "integrity": "sha512-tl6l5L4FRqlMApUNFkgOZZ7/hiV+x33CZVFSN5mlQYJIuP6hKmvoMwoImuSW+yEYNhDAxce3omUSRkR/Xf4LZg==",
      "dev": true
    }
  }
}
