{
  "name": "@cowasm/sqlite",
  "version": "1.0.0",
  "lockfileVersion": 2,
  "requires": true,
  "packages": {
    "": {
      "name": "@cowasm/sqlite",
      "version": "1.0.0",
      "license": "BSD-3-Clause",
      "devDependencies": {
        "@cowasm/posix-wasm": "^1.0.3",
        "@cowasm/zlib": "^1.0.0"
      }
    },
    "node_modules/@cowasm/posix-wasm": {
      "version": "1.0.3",
      "resolved": "https://registry.npmjs.org/@cowasm/posix-wasm/-/posix-wasm-1.0.3.tgz",
      "integrity": "sha512-24kFsWhxDNPnlSxBq0Idk7YLIxWTNQ74SM3vTiCg0xhwaa6cto/J+X4QEOC6YDIRyHCcHCl28xCd4JJbfHcO8A==",
      "dev": true
    },
    "node_modules/@cowasm/zlib": {
      "version": "1.0.0",
      "resolved": "https://registry.npmjs.org/@cowasm/zlib/-/zlib-1.0.0.tgz",
      "integrity": "sha512-VeIcwaxUQipmM8ggWMgd1/L2l1H5WGGb9RcJiRTSMIMWx2fQ4evWxCMeOMMv1MWUrK+FqXdTa0IagN/sPVMUHQ==",
      "dev": true
    }
  },
  "dependencies": {
    "@cowasm/posix-wasm": {
      "version": "1.0.3",
      "resolved": "https://registry.npmjs.org/@cowasm/posix-wasm/-/posix-wasm-1.0.3.tgz",
      "integrity": "sha512-24kFsWhxDNPnlSxBq0Idk7YLIxWTNQ74SM3vTiCg0xhwaa6cto/J+X4QEOC6YDIRyHCcHCl28xCd4JJbfHcO8A==",
      "dev": true
    },
    "@cowasm/zlib": {
      "version": "1.0.0",
      "resolved": "https://registry.npmjs.org/@cowasm/zlib/-/zlib-1.0.0.tgz",
      "integrity": "sha512-VeIcwaxUQipmM8ggWMgd1/L2l1H5WGGb9RcJiRTSMIMWx2fQ4evWxCMeOMMv1MWUrK+FqXdTa0IagN/sPVMUHQ==",
      "dev": true
    }
  }
}
