{
  "name": "@sagemath/sagejs",
  "version": "1.0.0",
  "lockfileVersion": 2,
  "requires": true,
  "packages": {
    "": {
      "name": "@sagemath/sagejs",
      "version": "1.0.0",
      "license": "LGPL-3.0-or-later",
      "dependencies": {
        "@wasmer/wasi": "^0.12.0",
        "callsite": "^1.0.0",
        "timit": "^1.0.0"
      },
      "devDependencies": {
        "@types/callsite": "^1.0.31",
        "@types/node": "^16.7.12",
        "typescript": "^4.4.2"
      }
    },
    "node_modules/@types/callsite": {
      "version": "1.0.31",
      "resolved": "https://registry.npmjs.org/@types/callsite/-/callsite-1.0.31.tgz",
      "integrity": "sha512-jrKmIHhuZVGUpOR1s4TgY9BTt/Eh9CFCjHVZ2FsrKmHSo3J/vpl6EpK08SfMLrX2IY1ZEFA+BPRTJQGg4xIHsA==",
      "dev": true
    },
    "node_modules/@types/node": {
      "version": "16.7.12",
      "resolved": "https://registry.npmjs.org/@types/node/-/node-16.7.12.tgz",
      "integrity": "sha512-IrhrusVM9QJAn1xLFFqbZH+XCI8L6eZoVHjR4sZeGTBBvjQSuchXGgKpown1jP75TCMSndcbudYBDTekOhcIZA==",
      "dev": true
    },
    "node_modules/@wasmer/wasi": {
      "version": "0.12.0",
      "resolved": "https://registry.npmjs.org/@wasmer/wasi/-/wasi-0.12.0.tgz",
      "integrity": "sha512-FJhLZKAfLWm/yjQI7eCRHNbA8ezmb7LSpUYFkHruZXs2mXk2+DaQtSElEtOoNrVQ4vApTyVaAd5/b7uEu8w6wQ==",
      "dependencies": {
        "browser-process-hrtime": "^1.0.0",
        "buffer-es6": "^4.9.3",
        "path-browserify": "^1.0.0",
        "randomfill": "^1.0.4"
      }
    },
    "node_modules/browser-process-hrtime": {
      "version": "1.0.0",
      "resolved": "https://registry.npmjs.org/browser-process-hrtime/-/browser-process-hrtime-1.0.0.tgz",
      "integrity": "sha512-9o5UecI3GhkpM6DrXr69PblIuWxPKk9Y0jHBRhdocZ2y7YECBFCsHm79Pr3OyR2AvjhDkabFJaDJMYRazHgsow=="
    },
    "node_modules/buffer-es6": {
      "version": "4.9.3",
      "resolved": "https://registry.npmjs.org/buffer-es6/-/buffer-es6-4.9.3.tgz",
      "integrity": "sha1-8mNHuC33b9N+GLy1KIxJcM/VxAQ="
    },
    "node_modules/callsite": {
      "version": "1.0.0",
      "resolved": "https://registry.npmjs.org/callsite/-/callsite-1.0.0.tgz",
      "integrity": "sha1-KAOY5dZkvXQDi28JBRU+borxvCA=",
      "engines": {
        "node": "*"
      }
    },
    "node_modules/path-browserify": {
      "version": "1.0.1",
      "resolved": "https://registry.npmjs.org/path-browserify/-/path-browserify-1.0.1.tgz",
      "integrity": "sha512-b7uo2UCUOYZcnF/3ID0lulOJi/bafxa1xPe7ZPsammBSpjSWQkjNxlt635YGS2MiR9GjvuXCtz2emr3jbsz98g=="
    },
    "node_modules/randombytes": {
      "version": "2.1.0",
      "resolved": "https://registry.npmjs.org/randombytes/-/randombytes-2.1.0.tgz",
      "integrity": "sha512-vYl3iOX+4CKUWuxGi9Ukhie6fsqXqS9FE2Zaic4tNFD2N2QQaXOMFbuKK4QmDHC0JO6B1Zp41J0LpT0oR68amQ==",
      "dependencies": {
        "safe-buffer": "^5.1.0"
      }
    },
    "node_modules/randomfill": {
      "version": "1.0.4",
      "resolved": "https://registry.npmjs.org/randomfill/-/randomfill-1.0.4.tgz",
      "integrity": "sha512-87lcbR8+MhcWcUiQ+9e+Rwx8MyR2P7qnt15ynUlbm3TU/fjbgz4GsvfSUDTemtCCtVCqb4ZcEFlyPNTh9bBTLw==",
      "dependencies": {
        "randombytes": "^2.0.5",
        "safe-buffer": "^5.1.0"
      }
    },
    "node_modules/safe-buffer": {
      "version": "5.2.1",
      "resolved": "https://registry.npmjs.org/safe-buffer/-/safe-buffer-5.2.1.tgz",
      "integrity": "sha512-rp3So07KcdmmKbGvgaNxQSJr7bGVSVk5S9Eq1F+ppbRo70+YeaDxkw5Dd8NPN+GD6bjnYm2VuPuCXmpuYvmCXQ==",
      "funding": [
        {
          "type": "github",
          "url": "https://github.com/sponsors/feross"
        },
        {
          "type": "patreon",
          "url": "https://www.patreon.com/feross"
        },
        {
          "type": "consulting",
          "url": "https://feross.org/support"
        }
      ]
    },
    "node_modules/timit": {
      "version": "1.0.0",
      "resolved": "https://registry.npmjs.org/timit/-/timit-1.0.0.tgz",
      "integrity": "sha512-eqrD743uNICmR9jItLdFPT3l4Oz+aKtrEXE68hBMQtzw4Zz0VQy+fyEUGVM3vT+t3q+Y/cII9ZSt/wL5J0lm2g=="
    },
    "node_modules/typescript": {
      "version": "4.4.2",
      "resolved": "https://registry.npmjs.org/typescript/-/typescript-4.4.2.tgz",
      "integrity": "sha512-gzP+t5W4hdy4c+68bfcv0t400HVJMMd2+H9B7gae1nQlBzCqvrXX+6GL/b3GAgyTH966pzrZ70/fRjwAtZksSQ==",
      "dev": true,
      "bin": {
        "tsc": "bin/tsc",
        "tsserver": "bin/tsserver"
      },
      "engines": {
        "node": ">=4.2.0"
      }
    }
  },
  "dependencies": {
    "@types/callsite": {
      "version": "1.0.31",
      "resolved": "https://registry.npmjs.org/@types/callsite/-/callsite-1.0.31.tgz",
      "integrity": "sha512-jrKmIHhuZVGUpOR1s4TgY9BTt/Eh9CFCjHVZ2FsrKmHSo3J/vpl6EpK08SfMLrX2IY1ZEFA+BPRTJQGg4xIHsA==",
      "dev": true
    },
    "@types/node": {
      "version": "16.7.12",
      "resolved": "https://registry.npmjs.org/@types/node/-/node-16.7.12.tgz",
      "integrity": "sha512-IrhrusVM9QJAn1xLFFqbZH+XCI8L6eZoVHjR4sZeGTBBvjQSuchXGgKpown1jP75TCMSndcbudYBDTekOhcIZA==",
      "dev": true
    },
    "@wasmer/wasi": {
      "version": "0.12.0",
      "resolved": "https://registry.npmjs.org/@wasmer/wasi/-/wasi-0.12.0.tgz",
      "integrity": "sha512-FJhLZKAfLWm/yjQI7eCRHNbA8ezmb7LSpUYFkHruZXs2mXk2+DaQtSElEtOoNrVQ4vApTyVaAd5/b7uEu8w6wQ==",
      "requires": {
        "browser-process-hrtime": "^1.0.0",
        "buffer-es6": "^4.9.3",
        "path-browserify": "^1.0.0",
        "randomfill": "^1.0.4"
      }
    },
    "browser-process-hrtime": {
      "version": "1.0.0",
      "resolved": "https://registry.npmjs.org/browser-process-hrtime/-/browser-process-hrtime-1.0.0.tgz",
      "integrity": "sha512-9o5UecI3GhkpM6DrXr69PblIuWxPKk9Y0jHBRhdocZ2y7YECBFCsHm79Pr3OyR2AvjhDkabFJaDJMYRazHgsow=="
    },
    "buffer-es6": {
      "version": "4.9.3",
      "resolved": "https://registry.npmjs.org/buffer-es6/-/buffer-es6-4.9.3.tgz",
      "integrity": "sha1-8mNHuC33b9N+GLy1KIxJcM/VxAQ="
    },
    "callsite": {
      "version": "1.0.0",
      "resolved": "https://registry.npmjs.org/callsite/-/callsite-1.0.0.tgz",
      "integrity": "sha1-KAOY5dZkvXQDi28JBRU+borxvCA="
    },
    "path-browserify": {
      "version": "1.0.1",
      "resolved": "https://registry.npmjs.org/path-browserify/-/path-browserify-1.0.1.tgz",
      "integrity": "sha512-b7uo2UCUOYZcnF/3ID0lulOJi/bafxa1xPe7ZPsammBSpjSWQkjNxlt635YGS2MiR9GjvuXCtz2emr3jbsz98g=="
    },
    "randombytes": {
      "version": "2.1.0",
      "resolved": "https://registry.npmjs.org/randombytes/-/randombytes-2.1.0.tgz",
      "integrity": "sha512-vYl3iOX+4CKUWuxGi9Ukhie6fsqXqS9FE2Zaic4tNFD2N2QQaXOMFbuKK4QmDHC0JO6B1Zp41J0LpT0oR68amQ==",
      "requires": {
        "safe-buffer": "^5.1.0"
      }
    },
    "randomfill": {
      "version": "1.0.4",
      "resolved": "https://registry.npmjs.org/randomfill/-/randomfill-1.0.4.tgz",
      "integrity": "sha512-87lcbR8+MhcWcUiQ+9e+Rwx8MyR2P7qnt15ynUlbm3TU/fjbgz4GsvfSUDTemtCCtVCqb4ZcEFlyPNTh9bBTLw==",
      "requires": {
        "randombytes": "^2.0.5",
        "safe-buffer": "^5.1.0"
      }
    },
    "safe-buffer": {
      "version": "5.2.1",
      "resolved": "https://registry.npmjs.org/safe-buffer/-/safe-buffer-5.2.1.tgz",
      "integrity": "sha512-rp3So07KcdmmKbGvgaNxQSJr7bGVSVk5S9Eq1F+ppbRo70+YeaDxkw5Dd8NPN+GD6bjnYm2VuPuCXmpuYvmCXQ=="
    },
    "timit": {
      "version": "1.0.0",
      "resolved": "https://registry.npmjs.org/timit/-/timit-1.0.0.tgz",
      "integrity": "sha512-eqrD743uNICmR9jItLdFPT3l4Oz+aKtrEXE68hBMQtzw4Zz0VQy+fyEUGVM3vT+t3q+Y/cII9ZSt/wL5J0lm2g=="
    },
    "typescript": {
      "version": "4.4.2",
      "resolved": "https://registry.npmjs.org/typescript/-/typescript-4.4.2.tgz",
      "integrity": "sha512-gzP+t5W4hdy4c+68bfcv0t400HVJMMd2+H9B7gae1nQlBzCqvrXX+6GL/b3GAgyTH966pzrZ70/fRjwAtZksSQ==",
      "dev": true
    }
  }
}
