{
  "name": "@cowasm/pandas",
  "version": "1.0.0",
  "lockfileVersion": 2,
  "requires": true,
  "packages": {
    "": {
      "name": "@cowasm/pandas",
      "version": "1.0.0",
      "license": "BSD-3-Clause",
      "devDependencies": {
        "@cowasm/cython": "^1.0.0",
        "@cowasm/numpy": "^1.0.0"
      }
    },
    "node_modules/@cowasm/cython": {
      "version": "1.0.0",
      "resolved": "https://registry.npmjs.org/@cowasm/cython/-/cython-1.0.0.tgz",
      "integrity": "sha512-qysY2smrWPo6FFQYhARNW3YDzRMtcxFiLPcEj7FCu19GtXjg9eQPVF4r2ileoaFsQ0OUC22V/m142LgXndBjDg==",
      "dev": true
    },
    "node_modules/@cowasm/numpy": {
      "version": "1.0.0",
      "resolved": "https://registry.npmjs.org/@cowasm/numpy/-/numpy-1.0.0.tgz",
      "integrity": "sha512-nCnmA14fzx+Scq9GuYGsyyqR1FhsmFk+xSBEg5M/dxjI4jQDb9sTyvHEyJapiBlfKtDG13y0l7YqpHpKKGAXng==",
      "dev": true
    }
  },
  "dependencies": {
    "@cowasm/cython": {
      "version": "1.0.0",
      "resolved": "https://registry.npmjs.org/@cowasm/cython/-/cython-1.0.0.tgz",
      "integrity": "sha512-qysY2smrWPo6FFQYhARNW3YDzRMtcxFiLPcEj7FCu19GtXjg9eQPVF4r2ileoaFsQ0OUC22V/m142LgXndBjDg==",
      "dev": true
    },
    "@cowasm/numpy": {
      "version": "1.0.0",
      "resolved": "https://registry.npmjs.org/@cowasm/numpy/-/numpy-1.0.0.tgz",
      "integrity": "sha512-nCnmA14fzx+Scq9GuYGsyyqR1FhsmFk+xSBEg5M/dxjI4jQDb9sTyvHEyJapiBlfKtDG13y0l7YqpHpKKGAXng==",
      "dev": true
    }
  }
}
