{
  "name": "@cowasm/libgit2",
  "version": "1.0.0",
  "lockfileVersion": 2,
  "requires": true,
  "packages": {
    "": {
      "name": "@cowasm/libgit2",
      "version": "1.0.0",
      "license": "BSD-3-Clause",
      "devDependencies": {
        "@cowasm/zlib": "^1.0.0"
      }
    },
    "node_modules/@cowasm/zlib": {
      "version": "1.0.0",
      "resolved": "https://registry.npmjs.org/@cowasm/zlib/-/zlib-1.0.0.tgz",
      "integrity": "sha512-VeIcwaxUQipmM8ggWMgd1/L2l1H5WGGb9RcJiRTSMIMWx2fQ4evWxCMeOMMv1MWUrK+FqXdTa0IagN/sPVMUHQ==",
      "dev": true
    }
  },
  "dependencies": {
    "@cowasm/zlib": {
      "version": "1.0.0",
      "resolved": "https://registry.npmjs.org/@cowasm/zlib/-/zlib-1.0.0.tgz",
      "integrity": "sha512-VeIcwaxUQipmM8ggWMgd1/L2l1H5WGGb9RcJiRTSMIMWx2fQ4evWxCMeOMMv1MWUrK+FqXdTa0IagN/sPVMUHQ==",
      "dev": true
    }
  }
}
