{
  "name": "@sagemath/jpython",
  "version": "0.1",
  "lockfileVersion": 2,
  "requires": true,
  "packages": {
    "": {
      "name": "@sagemath/jpython",
      "version": "0.1",
      "license": "BSD-2-Clause",
      "workspaces": [
        "../../lib"
      ],
      "dependencies": {
        "@jsage/lib": "*"
      },
      "bin": {
        "jpython": "bin/jpython"
      },
      "devDependencies": {
        "@types/node": "^16.7.10",
        "prettier": "^2.3.2",
        "typescript": "^4.4.3"
      },
      "engines": {
        "node": ">=0.12.0"
      }
    },
    "../../lib": {
      "name": "@jsage/lib",
      "version": "1.0.0",
      "license": "LGPL-3.0-or-later",
      "dependencies": {
        "@wasmer/wasi": "^0.12.0",
        "@wasmer/wasmfs": "^0.12.0",
        "async-await-utils": "^3.0.1",
        "callsite": "^1.0.0",
        "timit": "^1.0.0"
      },
      "devDependencies": {
        "@types/callsite": "^1.0.31",
        "@types/jest": "^27.0.2",
        "@types/node": "^16.7.12",
        "jest": "^27.2.1",
        "typescript": "^4.4.2"
      }
    },
    "node_modules/@jsage/lib": {
      "resolved": "../../lib",
      "link": true
    },
    "node_modules/@types/node": {
      "version": "16.7.10",
      "resolved": "https://registry.npmjs.org/@types/node/-/node-16.7.10.tgz",
      "integrity": "sha512-S63Dlv4zIPb8x6MMTgDq5WWRJQe56iBEY0O3SOFA9JrRienkOVDXSXBjjJw6HTNQYSE2JI6GMCR6LVbIMHJVvA==",
      "dev": true
    },
    "node_modules/prettier": {
      "version": "2.3.2",
      "resolved": "https://registry.npmjs.org/prettier/-/prettier-2.3.2.tgz",
      "integrity": "sha512-lnJzDfJ66zkMy58OL5/NY5zp70S7Nz6KqcKkXYzn2tMVrNxvbqaBpg7H3qHaLxCJ5lNMsGuM8+ohS7cZrthdLQ==",
      "dev": true,
      "bin": {
        "prettier": "bin-prettier.js"
      },
      "engines": {
        "node": ">=10.13.0"
      }
    },
    "node_modules/typescript": {
      "version": "4.4.3",
      "resolved": "https://registry.npmjs.org/typescript/-/typescript-4.4.3.tgz",
      "integrity": "sha512-4xfscpisVgqqDfPaJo5vkd+Qd/ItkoagnHpufr+i2QCHBsNYp+G7UAoyFl8aPtx879u38wPV65rZ8qbGZijalA==",
      "dev": true,
      "bin": {
        "tsc": "bin/tsc",
        "tsserver": "bin/tsserver"
      },
      "engines": {
        "node": ">=4.2.0"
      }
    }
  },
  "dependencies": {
    "@jsage/lib": {
      "version": "file:../../lib",
      "requires": {
        "@types/callsite": "^1.0.31",
        "@types/jest": "^27.0.2",
        "@types/node": "^16.7.12",
        "@wasmer/wasi": "^0.12.0",
        "@wasmer/wasmfs": "^0.12.0",
        "async-await-utils": "^3.0.1",
        "callsite": "^1.0.0",
        "jest": "^27.2.1",
        "timit": "^1.0.0",
        "typescript": "^4.4.2"
      }
    },
    "@types/node": {
      "version": "16.7.10",
      "resolved": "https://registry.npmjs.org/@types/node/-/node-16.7.10.tgz",
      "integrity": "sha512-S63Dlv4zIPb8x6MMTgDq5WWRJQe56iBEY0O3SOFA9JrRienkOVDXSXBjjJw6HTNQYSE2JI6GMCR6LVbIMHJVvA==",
      "dev": true
    },
    "prettier": {
      "version": "2.3.2",
      "resolved": "https://registry.npmjs.org/prettier/-/prettier-2.3.2.tgz",
      "integrity": "sha512-lnJzDfJ66zkMy58OL5/NY5zp70S7Nz6KqcKkXYzn2tMVrNxvbqaBpg7H3qHaLxCJ5lNMsGuM8+ohS7cZrthdLQ==",
      "dev": true
    },
    "typescript": {
      "version": "4.4.3",
      "resolved": "https://registry.npmjs.org/typescript/-/typescript-4.4.3.tgz",
      "integrity": "sha512-4xfscpisVgqqDfPaJo5vkd+Qd/ItkoagnHpufr+i2QCHBsNYp+G7UAoyFl8aPtx879u38wPV65rZ8qbGZijalA==",
      "dev": true
    }
  }
}
