{
  "name": "jpython",
  "version": "1.0.1",
  "lockfileVersion": 2,
  "requires": true,
  "packages": {
    "": {
      "name": "jpython",
      "version": "1.0.1",
      "license": "BSD-3-Clause",
      "bin": {
        "jpython": "bin/jpython"
      },
      "devDependencies": {
        "@types/node": "^16.7.10",
        "prettier": "^2.3.2",
        "typescript": "^4.7.4"
      },
      "engines": {
        "node": ">=0.14.0"
      }
    },
    "node_modules/@types/node": {
      "version": "16.11.43",
      "dev": true,
      "license": "MIT"
    },
    "node_modules/prettier": {
      "version": "2.7.1",
      "dev": true,
      "license": "MIT",
      "bin": {
        "prettier": "bin-prettier.js"
      },
      "engines": {
        "node": ">=10.13.0"
      },
      "funding": {
        "url": "https://github.com/prettier/prettier?sponsor=1"
      }
    },
    "node_modules/typescript": {
      "version": "4.7.4",
      "dev": true,
      "license": "Apache-2.0",
      "bin": {
        "tsc": "bin/tsc",
        "tsserver": "bin/tsserver"
      },
      "engines": {
        "node": ">=4.2.0"
      }
    }
  },
  "dependencies": {
    "@types/node": {
      "version": "16.11.43",
      "dev": true
    },
    "prettier": {
      "version": "2.7.1",
      "dev": true
    },
    "typescript": {
      "version": "4.7.4",
      "dev": true
    }
  }
}
