{
  "name": "@cowasm/cpython",
  "version": "1.0.2",
  "lockfileVersion": 3,
  "requires": true,
  "packages": {
    "": {
      "name": "@cowasm/cpython",
      "version": "1.0.2",
      "license": "BSD-3-Clause",
      "devDependencies": {
        "@cowasm/bzip2": "^1.0.1",
        "@cowasm/lzma": "^1.0.3",
        "@cowasm/openssl": "^1.0.1",
        "@cowasm/posix-wasm": "^1.0.3",
        "@cowasm/sqlite": "^1.0.0"
      }
    },
    "node_modules/@cowasm/bzip2": {
      "version": "1.0.1",
      "resolved": "https://registry.npmjs.org/@cowasm/bzip2/-/bzip2-1.0.1.tgz",
      "integrity": "sha512-K/1rrbG/DvoAfqmaP0u5vlIEHEirAdhTamQMQ56tUN2gQyyviGo9Em1yKP3xX1GCiHHc8ew0fjNZdgwSNED0wA==",
      "dev": true
    },
    "node_modules/@cowasm/lzma": {
      "version": "1.0.3",
      "resolved": "https://registry.npmjs.org/@cowasm/lzma/-/lzma-1.0.3.tgz",
      "integrity": "sha512-0LIVYIAHnN8/chkYImT0a+PSj+SD57/txQNGHh14JWtclTqZzeHeMCp0sbzf5bj1a1uV3+ZW8Elhl+gQPT4dFQ==",
      "dev": true
    },
    "node_modules/@cowasm/openssl": {
      "version": "1.0.1",
      "resolved": "https://registry.npmjs.org/@cowasm/openssl/-/openssl-1.0.1.tgz",
      "integrity": "sha512-JpScmM+4rj5zyZnt6BTP2n+4QhTDSu+Rg4DWDHUCzXyWnRjcsxcmPZxnEZIxJvVwIoFlViAg/5yS764NLeoumg==",
      "dev": true
    },
    "node_modules/@cowasm/posix-wasm": {
      "version": "1.0.3",
      "resolved": "https://registry.npmjs.org/@cowasm/posix-wasm/-/posix-wasm-1.0.3.tgz",
      "integrity": "sha512-24kFsWhxDNPnlSxBq0Idk7YLIxWTNQ74SM3vTiCg0xhwaa6cto/J+X4QEOC6YDIRyHCcHCl28xCd4JJbfHcO8A==",
      "dev": true
    },
    "node_modules/@cowasm/sqlite": {
      "version": "1.0.0",
      "resolved": "https://registry.npmjs.org/@cowasm/sqlite/-/sqlite-1.0.0.tgz",
      "integrity": "sha512-uOS1osA99brEgVzsouSWI/00DJ0q/s5Ekn+WmUvAAdcM5X+PMLz5HG6rTm3PtvQ1NJc/yqPatu2aaM5Xdzzvrw==",
      "dev": true
    }
  }
}
