{
  "name": "@wapython/cpython",
  "version": "0.0.1",
  "lockfileVersion": 2,
  "requires": true,
  "packages": {
    "": {
      "name": "@wapython/cpython",
      "version": "0.0.1",
      "license": "BSD-3-Clause",
      "devDependencies": {
        "wabt": "^1.0.29"
      }
    },
    "node_modules/wabt": {
      "version": "1.0.29",
      "resolved": "https://registry.npmjs.org/wabt/-/wabt-1.0.29.tgz",
      "integrity": "sha512-taUwem3bYn5ZrDYSNqJ2lIAXA3t0Xon7rLjRa8PZ21h8vp0IP5SKyozcWFhv8PPC07KJkGWpDuSCnzSdJ01YsA==",
      "dev": true,
      "bin": {
        "wasm-decompile": "bin/wasm-decompile",
        "wasm-interp": "bin/wasm-interp",
        "wasm-objdump": "bin/wasm-objdump",
        "wasm-opcodecnt": "bin/wasm-opcodecnt",
        "wasm-strip": "bin/wasm-strip",
        "wasm-validate": "bin/wasm-validate",
        "wasm2c": "bin/wasm2c",
        "wasm2wat": "bin/wasm2wat",
        "wat2wasm": "bin/wat2wasm"
      }
    }
  },
  "dependencies": {
    "wabt": {
      "version": "1.0.29",
      "resolved": "https://registry.npmjs.org/wabt/-/wabt-1.0.29.tgz",
      "integrity": "sha512-taUwem3bYn5ZrDYSNqJ2lIAXA3t0Xon7rLjRa8PZ21h8vp0IP5SKyozcWFhv8PPC07KJkGWpDuSCnzSdJ01YsA==",
      "dev": true
    }
  }
}
