{
  "name": "@cowasm/libedit",
  "version": "1.0.0",
  "lockfileVersion": 2,
  "requires": true,
  "packages": {
    "": {
      "name": "@cowasm/libedit",
      "version": "1.0.0",
      "license": "BSD-3-Clause",
      "devDependencies": {
        "@cowasm/termcap": "^1.0.0"
      }
    },
    "node_modules/@cowasm/termcap": {
      "version": "1.0.0",
      "resolved": "https://registry.npmjs.org/@cowasm/termcap/-/termcap-1.0.0.tgz",
      "integrity": "sha512-aQ7C+uabmt/NWckowlb3DxNaje/JXfkMLMdvv45IO8rCnIFJpPFoFHfhzHm3pqP3FNXdT20QPtWyUk8nrtB/Rg==",
      "dev": true
    }
  },
  "dependencies": {
    "@cowasm/termcap": {
      "version": "1.0.0",
      "resolved": "https://registry.npmjs.org/@cowasm/termcap/-/termcap-1.0.0.tgz",
      "integrity": "sha512-aQ7C+uabmt/NWckowlb3DxNaje/JXfkMLMdvv45IO8rCnIFJpPFoFHfhzHm3pqP3FNXdT20QPtWyUk8nrtB/Rg==",
      "dev": true
    }
  }
}
