{
  "name": "@cowasm/sympy",
  "version": "1.0.0",
  "lockfileVersion": 2,
  "requires": true,
  "packages": {
    "": {
      "name": "@cowasm/sympy",
      "version": "1.0.0",
      "license": "BSD-3-Clause",
      "devDependencies": {
        "@cowasm/mpmath": "^1.0.0"
      }
    },
    "node_modules/@cowasm/mpmath": {
      "version": "1.0.0",
      "resolved": "https://registry.npmjs.org/@cowasm/mpmath/-/mpmath-1.0.0.tgz",
      "integrity": "sha512-UY/xAemwSWddz4WiIgxu5kPPtguF6/DGI1Ecg4yaeaYqzrNkvMdARJQPMV72abDfceOQKIwCFSUjG+LsZpzEvg==",
      "dev": true
    }
  },
  "dependencies": {
    "@cowasm/mpmath": {
      "version": "1.0.0",
      "resolved": "https://registry.npmjs.org/@cowasm/mpmath/-/mpmath-1.0.0.tgz",
      "integrity": "sha512-UY/xAemwSWddz4WiIgxu5kPPtguF6/DGI1Ecg4yaeaYqzrNkvMdARJQPMV72abDfceOQKIwCFSUjG+LsZpzEvg==",
      "dev": true
    }
  }
}
