{
  "name": "@cowasm/cpython",
  "version": "1.5.0",
  "lockfileVersion": 3,
  "requires": true,
  "packages": {
    "": {
      "name": "@cowasm/cpython",
      "version": "1.5.0",
      "license": "BSD-3-Clause",
      "dependencies": {
        "@cowasm/kernel": "^0.28.0"
      },
      "bin": {
        "cpython": "bin/python-wasm"
      },
      "devDependencies": {
        "@cowasm/bzip2": "^1.0.1",
        "@cowasm/libedit": "^1.0.0",
        "@cowasm/libffi": "^1.0.2",
        "@cowasm/lzma": "^1.0.3",
        "@cowasm/ncurses": "^1.0.0",
        "@cowasm/openssl": "^1.0.1",
        "@cowasm/posix-wasm": "^1.0.3",
        "@cowasm/sqlite": "^1.0.0",
        "@cowasm/termcap": "^1.0.0",
        "@cowasm/zlib": "^1.0.0",
        "dylink": "^0.13.0"
      }
    },
    "node_modules/@cowasm/bzip2": {
      "version": "1.0.1",
      "resolved": "https://registry.npmjs.org/@cowasm/bzip2/-/bzip2-1.0.1.tgz",
      "integrity": "sha512-K/1rrbG/DvoAfqmaP0u5vlIEHEirAdhTamQMQ56tUN2gQyyviGo9Em1yKP3xX1GCiHHc8ew0fjNZdgwSNED0wA==",
      "dev": true
    },
    "node_modules/@cowasm/kernel": {
      "version": "0.28.0",
      "resolved": "https://registry.npmjs.org/@cowasm/kernel/-/kernel-0.28.0.tgz",
      "integrity": "sha512-/Vub33WoIeXXkabPj+SoFWB8zl22LYngxY7DpJuWz75SP7vdRhfPkhfIm4uaODn0mBt3NL03JsKLYioJb0XpFQ==",
      "dependencies": {
        "awaiting": "^3.0.0",
        "date-format": "^4.0.13",
        "debug": "^4.3.4",
        "dylink": "^0.13.0",
        "lodash": "^4.17.21",
        "posix-node": "^0.12.0",
        "uuid": "^8.3.2",
        "wasi-js": "^1.7.2"
      },
      "bin": {
        "kernel": "bin/cowasm"
      }
    },
    "node_modules/@cowasm/libedit": {
      "version": "1.0.0",
      "resolved": "https://registry.npmjs.org/@cowasm/libedit/-/libedit-1.0.0.tgz",
      "integrity": "sha512-tl6l5L4FRqlMApUNFkgOZZ7/hiV+x33CZVFSN5mlQYJIuP6hKmvoMwoImuSW+yEYNhDAxce3omUSRkR/Xf4LZg==",
      "dev": true
    },
    "node_modules/@cowasm/libffi": {
      "version": "1.0.2",
      "resolved": "https://registry.npmjs.org/@cowasm/libffi/-/libffi-1.0.2.tgz",
      "integrity": "sha512-jHgKbeGM3/sh/C9KzlgtW+939My2CWxOjYA0wO5BMqM4dZOmyGeCPalgIYsGyfzk1Msn9ONw7QkizkJ+Vvcy5Q==",
      "dev": true
    },
    "node_modules/@cowasm/lzma": {
      "version": "1.0.3",
      "resolved": "https://registry.npmjs.org/@cowasm/lzma/-/lzma-1.0.3.tgz",
      "integrity": "sha512-0LIVYIAHnN8/chkYImT0a+PSj+SD57/txQNGHh14JWtclTqZzeHeMCp0sbzf5bj1a1uV3+ZW8Elhl+gQPT4dFQ==",
      "dev": true
    },
    "node_modules/@cowasm/memfs": {
      "version": "3.5.1",
      "resolved": "https://registry.npmjs.org/@cowasm/memfs/-/memfs-3.5.1.tgz",
      "integrity": "sha512-TSz00K+BdLxAYFQvwHmKgM/eAK6h9OYSQhPTcv/9XSyOF0Q90EtMkJvtwirwAXunfTsZw8R9YMu1UU213ooVKw==",
      "dependencies": {
        "fs-monkey": "^1.0.3"
      },
      "engines": {
        "node": ">= 4.0.0"
      }
    },
    "node_modules/@cowasm/ncurses": {
      "version": "1.0.0",
      "resolved": "https://registry.npmjs.org/@cowasm/ncurses/-/ncurses-1.0.0.tgz",
      "integrity": "sha512-GzCBrQqR0znke5y+p6KidPiZdZde+IkNdcFK4XfnD21cA6SKKxCc8GS1Eh60pyfQsY+DCPU/7MUlzkzbYQqGgQ==",
      "dev": true
    },
    "node_modules/@cowasm/openssl": {
      "version": "1.0.1",
      "resolved": "https://registry.npmjs.org/@cowasm/openssl/-/openssl-1.0.1.tgz",
      "integrity": "sha512-JpScmM+4rj5zyZnt6BTP2n+4QhTDSu+Rg4DWDHUCzXyWnRjcsxcmPZxnEZIxJvVwIoFlViAg/5yS764NLeoumg==",
      "dev": true
    },
    "node_modules/@cowasm/posix-wasm": {
      "version": "1.0.3",
      "resolved": "https://registry.npmjs.org/@cowasm/posix-wasm/-/posix-wasm-1.0.3.tgz",
      "integrity": "sha512-24kFsWhxDNPnlSxBq0Idk7YLIxWTNQ74SM3vTiCg0xhwaa6cto/J+X4QEOC6YDIRyHCcHCl28xCd4JJbfHcO8A==",
      "dev": true
    },
    "node_modules/@cowasm/sqlite": {
      "version": "1.0.0",
      "resolved": "https://registry.npmjs.org/@cowasm/sqlite/-/sqlite-1.0.0.tgz",
      "integrity": "sha512-uOS1osA99brEgVzsouSWI/00DJ0q/s5Ekn+WmUvAAdcM5X+PMLz5HG6rTm3PtvQ1NJc/yqPatu2aaM5Xdzzvrw==",
      "dev": true
    },
    "node_modules/@cowasm/termcap": {
      "version": "1.0.0",
      "resolved": "https://registry.npmjs.org/@cowasm/termcap/-/termcap-1.0.0.tgz",
      "integrity": "sha512-aQ7C+uabmt/NWckowlb3DxNaje/JXfkMLMdvv45IO8rCnIFJpPFoFHfhzHm3pqP3FNXdT20QPtWyUk8nrtB/Rg==",
      "dev": true
    },
    "node_modules/@cowasm/zlib": {
      "version": "1.0.0",
      "resolved": "https://registry.npmjs.org/@cowasm/zlib/-/zlib-1.0.0.tgz",
      "integrity": "sha512-VeIcwaxUQipmM8ggWMgd1/L2l1H5WGGb9RcJiRTSMIMWx2fQ4evWxCMeOMMv1MWUrK+FqXdTa0IagN/sPVMUHQ==",
      "dev": true
    },
    "node_modules/@wapython/unionfs": {
      "version": "4.5.7",
      "resolved": "https://registry.npmjs.org/@wapython/unionfs/-/unionfs-4.5.7.tgz",
      "integrity": "sha512-7809nAVelP9TqXCq5c1yCwymPreTXrK4n4q/zxOlQOIIz4PNmoQmIKiLnwkKk39GDnLmP1MvP9ZkBDyXCCmTfg==",
      "dependencies": {
        "fs-monkey": "^1.0.0"
      }
    },
    "node_modules/await-spawn": {
      "version": "4.0.2",
      "resolved": "https://registry.npmjs.org/await-spawn/-/await-spawn-4.0.2.tgz",
      "integrity": "sha512-GdADmeLJiMvGKJD3xWBcX40DMn07JNH1sqJYgYJZH7NTGJ3B1qDjKBKzxhhyR1hjIcnUGFUmE/+4D1HcHAJBAA==",
      "dependencies": {
        "bl": "^4.0.3"
      },
      "engines": {
        "node": ">=10"
      }
    },
    "node_modules/awaiting": {
      "version": "3.0.0",
      "resolved": "https://registry.npmjs.org/awaiting/-/awaiting-3.0.0.tgz",
      "integrity": "sha512-19i4G7Hjxj9idgMlAM0BTRII8HfvsOdlr4D9cf3Dm1MZhvcKjBpzY8AMNEyIKyi+L9TIK15xZatmdcPG003yww==",
      "engines": {
        "node": ">=7.6.x"
      }
    },
    "node_modules/base64-js": {
      "version": "1.5.1",
      "resolved": "https://registry.npmjs.org/base64-js/-/base64-js-1.5.1.tgz",
      "integrity": "sha512-AKpaYlHn8t4SVbOHCy+b5+KKgvR4vrsD8vbvrbiQJps7fKDTkjkDry6ji0rUJjC0kzbNePLwzxq8iypo41qeWA==",
      "funding": [
        {
          "type": "github",
          "url": "https://github.com/sponsors/feross"
        },
        {
          "type": "patreon",
          "url": "https://www.patreon.com/feross"
        },
        {
          "type": "consulting",
          "url": "https://feross.org/support"
        }
      ]
    },
    "node_modules/bl": {
      "version": "4.1.0",
      "resolved": "https://registry.npmjs.org/bl/-/bl-4.1.0.tgz",
      "integrity": "sha512-1W07cM9gS6DcLperZfFSj+bWLtaPGSOHWhPiGzXmvVJbRLdG82sH/Kn8EtW1VqWVA54AKf2h5k5BbnIbwF3h6w==",
      "dependencies": {
        "buffer": "^5.5.0",
        "inherits": "^2.0.4",
        "readable-stream": "^3.4.0"
      }
    },
    "node_modules/buffer": {
      "version": "5.7.1",
      "resolved": "https://registry.npmjs.org/buffer/-/buffer-5.7.1.tgz",
      "integrity": "sha512-EHcyIPBQ4BSGlvjB16k5KgAJ27CIsHY/2JBmCRReo48y9rQ3MaUzWX3KVlBa4U7MyX02HdVj0K7C3WaB3ju7FQ==",
      "funding": [
        {
          "type": "github",
          "url": "https://github.com/sponsors/feross"
        },
        {
          "type": "patreon",
          "url": "https://www.patreon.com/feross"
        },
        {
          "type": "consulting",
          "url": "https://feross.org/support"
        }
      ],
      "dependencies": {
        "base64-js": "^1.3.1",
        "ieee754": "^1.1.13"
      }
    },
    "node_modules/date-format": {
      "version": "4.0.14",
      "resolved": "https://registry.npmjs.org/date-format/-/date-format-4.0.14.tgz",
      "integrity": "sha512-39BOQLs9ZjKh0/patS9nrT8wc3ioX3/eA/zgbKNopnF2wCqJEoxywwwElATYvRsXdnOxA/OQeQoFZ3rFjVajhg==",
      "engines": {
        "node": ">=4.0"
      }
    },
    "node_modules/debug": {
      "version": "4.3.4",
      "resolved": "https://registry.npmjs.org/debug/-/debug-4.3.4.tgz",
      "integrity": "sha512-PRWFHuSU3eDtQJPvnNY7Jcket1j0t5OuOsFzPPzsekD52Zl8qUfFIPEiswXqIvHWGVHOgX+7G/vCNNhehwxfkQ==",
      "dependencies": {
        "ms": "2.1.2"
      },
      "engines": {
        "node": ">=6.0"
      },
      "peerDependenciesMeta": {
        "supports-color": {
          "optional": true
        }
      }
    },
    "node_modules/dylink": {
      "version": "0.13.0",
      "resolved": "https://registry.npmjs.org/dylink/-/dylink-0.13.0.tgz",
      "integrity": "sha512-/nRtWRbEMiCWOxjBw0rI3pKDHkgaSvS7HjarEJD/yYpCybuWvM8BsF/83Sbf10OV5Mn6fASisj1YxVlyV4HFtA==",
      "dependencies": {
        "await-spawn": "^4.0.2",
        "debug": "^4.3.4"
      },
      "bin": {
        "dylink-libpython": "dist/libpython.js"
      }
    },
    "node_modules/fflate": {
      "version": "0.7.4",
      "resolved": "https://registry.npmjs.org/fflate/-/fflate-0.7.4.tgz",
      "integrity": "sha512-5u2V/CDW15QM1XbbgS+0DfPxVB+jUKhWEKuuFuHncbk3tEEqzmoXL+2KyOFuKGqOnmdIy0/davWF1CkuwtibCw=="
    },
    "node_modules/fs-monkey": {
      "version": "1.0.3",
      "resolved": "https://registry.npmjs.org/fs-monkey/-/fs-monkey-1.0.3.tgz",
      "integrity": "sha512-cybjIfiiE+pTWicSCLFHSrXZ6EilF30oh91FDP9S2B051prEa7QWfrVTQm10/dDpswBDXZugPa1Ogu8Yh+HV0Q=="
    },
    "node_modules/ieee754": {
      "version": "1.2.1",
      "resolved": "https://registry.npmjs.org/ieee754/-/ieee754-1.2.1.tgz",
      "integrity": "sha512-dcyqhDvX1C46lXZcVqCpK+FtMRQVdIMN6/Df5js2zouUsqG7I6sFxitIC+7KYK29KdXOLHdu9zL4sFnoVQnqaA==",
      "funding": [
        {
          "type": "github",
          "url": "https://github.com/sponsors/feross"
        },
        {
          "type": "patreon",
          "url": "https://www.patreon.com/feross"
        },
        {
          "type": "consulting",
          "url": "https://feross.org/support"
        }
      ]
    },
    "node_modules/inherits": {
      "version": "2.0.4",
      "resolved": "https://registry.npmjs.org/inherits/-/inherits-2.0.4.tgz",
      "integrity": "sha512-k/vGaX4/Yla3WzyMCvTQOXYeIHvqOKtnqBduzTHpzpQZzAskKMhZ2K+EnBiSM9zGSoIFeMpXKxa4dYeZIQqewQ=="
    },
    "node_modules/lodash": {
      "version": "4.17.21",
      "resolved": "https://registry.npmjs.org/lodash/-/lodash-4.17.21.tgz",
      "integrity": "sha512-v2kDEe57lecTulaDIuNTPy3Ry4gLGJ6Z1O3vE1krgXZNrsQ+LFTGHVxVjcXPs17LhbZVGedAJv8XZ1tvj5FvSg=="
    },
    "node_modules/ms": {
      "version": "2.1.2",
      "resolved": "https://registry.npmjs.org/ms/-/ms-2.1.2.tgz",
      "integrity": "sha512-sGkPx+VjMtmA6MX27oA4FBFELFCZZ4S4XqeGOXCv68tT+jb3vk/RyaKWP0PTKyWtmLSM0b+adUTEvbs1PEaH2w=="
    },
    "node_modules/path-browserify": {
      "version": "1.0.1",
      "resolved": "https://registry.npmjs.org/path-browserify/-/path-browserify-1.0.1.tgz",
      "integrity": "sha512-b7uo2UCUOYZcnF/3ID0lulOJi/bafxa1xPe7ZPsammBSpjSWQkjNxlt635YGS2MiR9GjvuXCtz2emr3jbsz98g=="
    },
    "node_modules/posix-node": {
      "version": "0.12.0",
      "resolved": "https://registry.npmjs.org/posix-node/-/posix-node-0.12.0.tgz",
      "integrity": "sha512-/CUfwwGM0lHcSaU3w/Sh8gQTFAzQ4ef1GUvOIfgcnvI0aWLp3NJpHhD14scbtRjQL6KOCqdaMgYdAzHyjImAig==",
      "dependencies": {
        "debug": "^4.3.4"
      }
    },
    "node_modules/randombytes": {
      "version": "2.1.0",
      "resolved": "https://registry.npmjs.org/randombytes/-/randombytes-2.1.0.tgz",
      "integrity": "sha512-vYl3iOX+4CKUWuxGi9Ukhie6fsqXqS9FE2Zaic4tNFD2N2QQaXOMFbuKK4QmDHC0JO6B1Zp41J0LpT0oR68amQ==",
      "dependencies": {
        "safe-buffer": "^5.1.0"
      }
    },
    "node_modules/randomfill": {
      "version": "1.0.4",
      "resolved": "https://registry.npmjs.org/randomfill/-/randomfill-1.0.4.tgz",
      "integrity": "sha512-87lcbR8+MhcWcUiQ+9e+Rwx8MyR2P7qnt15ynUlbm3TU/fjbgz4GsvfSUDTemtCCtVCqb4ZcEFlyPNTh9bBTLw==",
      "dependencies": {
        "randombytes": "^2.0.5",
        "safe-buffer": "^5.1.0"
      }
    },
    "node_modules/readable-stream": {
      "version": "3.6.0",
      "resolved": "https://registry.npmjs.org/readable-stream/-/readable-stream-3.6.0.tgz",
      "integrity": "sha512-BViHy7LKeTz4oNnkcLJ+lVSL6vpiFeX6/d3oSH8zCW7UxP2onchk+vTGB143xuFjHS3deTgkKoXXymXqymiIdA==",
      "dependencies": {
        "inherits": "^2.0.3",
        "string_decoder": "^1.1.1",
        "util-deprecate": "^1.0.1"
      },
      "engines": {
        "node": ">= 6"
      }
    },
    "node_modules/safe-buffer": {
      "version": "5.2.1",
      "resolved": "https://registry.npmjs.org/safe-buffer/-/safe-buffer-5.2.1.tgz",
      "integrity": "sha512-rp3So07KcdmmKbGvgaNxQSJr7bGVSVk5S9Eq1F+ppbRo70+YeaDxkw5Dd8NPN+GD6bjnYm2VuPuCXmpuYvmCXQ==",
      "funding": [
        {
          "type": "github",
          "url": "https://github.com/sponsors/feross"
        },
        {
          "type": "patreon",
          "url": "https://www.patreon.com/feross"
        },
        {
          "type": "consulting",
          "url": "https://feross.org/support"
        }
      ]
    },
    "node_modules/string_decoder": {
      "version": "1.3.0",
      "resolved": "https://registry.npmjs.org/string_decoder/-/string_decoder-1.3.0.tgz",
      "integrity": "sha512-hkRX8U1WjJFd8LsDJ2yQ/wWWxaopEsABU1XfkM8A+j0+85JAGppt16cr1Whg6KIbb4okU6Mql6BOj+uup/wKeA==",
      "dependencies": {
        "safe-buffer": "~5.2.0"
      }
    },
    "node_modules/typedarray-to-buffer": {
      "version": "4.0.0",
      "resolved": "https://registry.npmjs.org/typedarray-to-buffer/-/typedarray-to-buffer-4.0.0.tgz",
      "integrity": "sha512-6dOYeZfS3O9RtRD1caom0sMxgK59b27+IwoNy8RDPsmslSGOyU+mpTamlaIW7aNKi90ZQZ9DFaZL3YRoiSCULQ==",
      "funding": [
        {
          "type": "github",
          "url": "https://github.com/sponsors/feross"
        },
        {
          "type": "patreon",
          "url": "https://www.patreon.com/feross"
        },
        {
          "type": "consulting",
          "url": "https://feross.org/support"
        }
      ]
    },
    "node_modules/util-deprecate": {
      "version": "1.0.2",
      "resolved": "https://registry.npmjs.org/util-deprecate/-/util-deprecate-1.0.2.tgz",
      "integrity": "sha512-EPD5q1uXyFxJpCrLnCc1nHnq3gOa6DZBocAIiI2TaSCA7VCJ1UJDMagCzIkXNsUYfD1daK//LTEQ8xiIbrHtcw=="
    },
    "node_modules/uuid": {
      "version": "8.3.2",
      "resolved": "https://registry.npmjs.org/uuid/-/uuid-8.3.2.tgz",
      "integrity": "sha512-+NYs2QeMWy+GWFOEm9xnn6HCDp0l7QBD7ml8zLUmJ+93Q5NF0NocErnwkTkXVFNiX3/fpC6afS8Dhb/gz7R7eg==",
      "bin": {
        "uuid": "dist/bin/uuid"
      }
    },
    "node_modules/wasi-js": {
      "version": "1.7.2",
      "resolved": "https://registry.npmjs.org/wasi-js/-/wasi-js-1.7.2.tgz",
      "integrity": "sha512-UJHCQTng8sP/PMVZ4CCHtAZjTaMF1Xs3fT/nZYWDNmBgL9KA8z/s7cGrHKiKd1A0TOr0DU/8/2ylMYqIKrP9tA==",
      "dependencies": {
        "@cowasm/memfs": "^3.5.1",
        "@wapython/unionfs": "^4.5.7",
        "debug": "^4.3.4",
        "fflate": "^0.7.3",
        "path-browserify": "^1.0.0",
        "randomfill": "^1.0.4",
        "typedarray-to-buffer": "^4.0.0"
      },
      "bin": {
        "wasi-run": "bin/run.js"
      }
    }
  }
}
