{
  "name": "@wapython/wasi",
  "version": "0.15.0",
  "lockfileVersion": 2,
  "requires": true,
  "packages": {
    "": {
      "name": "@wapython/wasi",
      "version": "0.15.0",
      "license": "MIT",
      "dependencies": {
        "@types/filesystem": "^0.0.32",
        "browser-hrtime": "^1.1.8",
        "fflate-unzip": "^0.7.0",
        "memfs": "^3.4.7",
        "path-browserify": "^1.0.0",
        "randomfill": "^1.0.4",
        "unionfs": "^4.4.0"
      },
      "bin": {
        "wasi-run": "bin/run.js"
      },
      "devDependencies": {
        "@types/node": "^16.11.12",
        "@types/path-browserify": "^1.0.0",
        "typescript": "^4.5.2"
      }
    },
    "node_modules/@types/filesystem": {
      "version": "0.0.32",
      "resolved": "https://registry.npmjs.org/@types/filesystem/-/filesystem-0.0.32.tgz",
      "integrity": "sha512-Yuf4jR5YYMR2DVgwuCiP11s0xuVRyPKmz8vo6HBY3CGdeMj8af93CFZX+T82+VD1+UqHOxTq31lO7MI7lepBtQ==",
      "dependencies": {
        "@types/filewriter": "*"
      }
    },
    "node_modules/@types/filewriter": {
      "version": "0.0.29",
      "resolved": "https://registry.npmjs.org/@types/filewriter/-/filewriter-0.0.29.tgz",
      "integrity": "sha512-BsPXH/irW0ht0Ji6iw/jJaK8Lj3FJemon2gvEqHKpCdDCeemHa+rI3WBGq5z7cDMZgoLjY40oninGxqk+8NzNQ=="
    },
    "node_modules/@types/node": {
      "version": "16.11.12",
      "resolved": "https://registry.npmjs.org/@types/node/-/node-16.11.12.tgz",
      "integrity": "sha512-+2Iggwg7PxoO5Kyhvsq9VarmPbIelXP070HMImEpbtGCoyWNINQj4wzjbQCXzdHTRXnqufutJb5KAURZANNBAw==",
      "dev": true
    },
    "node_modules/@types/path-browserify": {
      "version": "1.0.0",
      "resolved": "https://registry.npmjs.org/@types/path-browserify/-/path-browserify-1.0.0.tgz",
      "integrity": "sha512-XMCcyhSvxcch8b7rZAtFAaierBYdeHXVvg2iYnxOV0MCQHmPuRRmGZPFDRzPayxcGiiSL1Te9UIO+f3cuj0tfw==",
      "dev": true
    },
    "node_modules/browser-hrtime": {
      "version": "1.1.8",
      "resolved": "https://registry.npmjs.org/browser-hrtime/-/browser-hrtime-1.1.8.tgz",
      "integrity": "sha512-kzXheikaJsBtzUBlyVtPIY5r0soQePzjwVwT4IlDpU2RvfB5Py52gpU98M77rgqMCheoSSZvrcrdj3t6cZ3suA=="
    },
    "node_modules/fflate": {
      "version": "0.7.3",
      "resolved": "https://registry.npmjs.org/fflate/-/fflate-0.7.3.tgz",
      "integrity": "sha512-0Zz1jOzJWERhyhsimS54VTqOteCNwRtIlh8isdL0AXLo0g7xNTfTL7oWrkmCnPhZGocKIkWHBistBrrpoNH3aw=="
    },
    "node_modules/fflate-unzip": {
      "version": "0.7.0",
      "resolved": "https://registry.npmjs.org/fflate-unzip/-/fflate-unzip-0.7.0.tgz",
      "integrity": "sha512-sVnbUzm3clnY4+cub6oVdqCv1+WG14oaAqICd99YRgOPo5VeYZWFKPsOg/gL5S2qGitlZssF/TTd75aHvcacpA==",
      "dependencies": {
        "fflate": "^0.7.1",
        "mkdirp": "^1.0.4"
      }
    },
    "node_modules/fs-monkey": {
      "version": "1.0.3",
      "resolved": "https://registry.npmjs.org/fs-monkey/-/fs-monkey-1.0.3.tgz",
      "integrity": "sha512-cybjIfiiE+pTWicSCLFHSrXZ6EilF30oh91FDP9S2B051prEa7QWfrVTQm10/dDpswBDXZugPa1Ogu8Yh+HV0Q=="
    },
    "node_modules/memfs": {
      "version": "3.4.7",
      "resolved": "https://registry.npmjs.org/memfs/-/memfs-3.4.7.tgz",
      "integrity": "sha512-ygaiUSNalBX85388uskeCyhSAoOSgzBbtVCr9jA2RROssFL9Q19/ZXFqS+2Th2sr1ewNIWgFdLzLC3Yl1Zv+lw==",
      "dependencies": {
        "fs-monkey": "^1.0.3"
      },
      "engines": {
        "node": ">= 4.0.0"
      }
    },
    "node_modules/mkdirp": {
      "version": "1.0.4",
      "resolved": "https://registry.npmjs.org/mkdirp/-/mkdirp-1.0.4.tgz",
      "integrity": "sha512-vVqVZQyf3WLx2Shd0qJ9xuvqgAyKPLAiqITEtqW0oIUjzo3PePDd6fW9iFz30ef7Ysp/oiWqbhszeGWW2T6Gzw==",
      "bin": {
        "mkdirp": "bin/cmd.js"
      },
      "engines": {
        "node": ">=10"
      }
    },
    "node_modules/path-browserify": {
      "version": "1.0.1",
      "resolved": "https://registry.npmjs.org/path-browserify/-/path-browserify-1.0.1.tgz",
      "integrity": "sha512-b7uo2UCUOYZcnF/3ID0lulOJi/bafxa1xPe7ZPsammBSpjSWQkjNxlt635YGS2MiR9GjvuXCtz2emr3jbsz98g=="
    },
    "node_modules/randombytes": {
      "version": "2.1.0",
      "resolved": "https://registry.npmjs.org/randombytes/-/randombytes-2.1.0.tgz",
      "integrity": "sha512-vYl3iOX+4CKUWuxGi9Ukhie6fsqXqS9FE2Zaic4tNFD2N2QQaXOMFbuKK4QmDHC0JO6B1Zp41J0LpT0oR68amQ==",
      "dependencies": {
        "safe-buffer": "^5.1.0"
      }
    },
    "node_modules/randomfill": {
      "version": "1.0.4",
      "resolved": "https://registry.npmjs.org/randomfill/-/randomfill-1.0.4.tgz",
      "integrity": "sha512-87lcbR8+MhcWcUiQ+9e+Rwx8MyR2P7qnt15ynUlbm3TU/fjbgz4GsvfSUDTemtCCtVCqb4ZcEFlyPNTh9bBTLw==",
      "dependencies": {
        "randombytes": "^2.0.5",
        "safe-buffer": "^5.1.0"
      }
    },
    "node_modules/safe-buffer": {
      "version": "5.2.1",
      "resolved": "https://registry.npmjs.org/safe-buffer/-/safe-buffer-5.2.1.tgz",
      "integrity": "sha512-rp3So07KcdmmKbGvgaNxQSJr7bGVSVk5S9Eq1F+ppbRo70+YeaDxkw5Dd8NPN+GD6bjnYm2VuPuCXmpuYvmCXQ==",
      "funding": [
        {
          "type": "github",
          "url": "https://github.com/sponsors/feross"
        },
        {
          "type": "patreon",
          "url": "https://www.patreon.com/feross"
        },
        {
          "type": "consulting",
          "url": "https://feross.org/support"
        }
      ]
    },
    "node_modules/typescript": {
      "version": "4.5.2",
      "resolved": "https://registry.npmjs.org/typescript/-/typescript-4.5.2.tgz",
      "integrity": "sha512-5BlMof9H1yGt0P8/WF+wPNw6GfctgGjXp5hkblpyT+8rkASSmkUKMXrxR0Xg8ThVCi/JnHQiKXeBaEwCeQwMFw==",
      "dev": true,
      "bin": {
        "tsc": "bin/tsc",
        "tsserver": "bin/tsserver"
      },
      "engines": {
        "node": ">=4.2.0"
      }
    },
    "node_modules/unionfs": {
      "version": "4.4.0",
      "resolved": "https://registry.npmjs.org/unionfs/-/unionfs-4.4.0.tgz",
      "integrity": "sha512-N+TuJHJ3PjmzIRCE1d2N3VN4qg/P78eh/nxzwHnzpg3W2Mvf8Wvi7J1mvv6eNkb8neUeSdFSQsKna0eXVyF4+w==",
      "dependencies": {
        "fs-monkey": "^1.0.0"
      }
    }
  },
  "dependencies": {
    "@types/filesystem": {
      "version": "0.0.32",
      "resolved": "https://registry.npmjs.org/@types/filesystem/-/filesystem-0.0.32.tgz",
      "integrity": "sha512-Yuf4jR5YYMR2DVgwuCiP11s0xuVRyPKmz8vo6HBY3CGdeMj8af93CFZX+T82+VD1+UqHOxTq31lO7MI7lepBtQ==",
      "requires": {
        "@types/filewriter": "*"
      }
    },
    "@types/filewriter": {
      "version": "0.0.29",
      "resolved": "https://registry.npmjs.org/@types/filewriter/-/filewriter-0.0.29.tgz",
      "integrity": "sha512-BsPXH/irW0ht0Ji6iw/jJaK8Lj3FJemon2gvEqHKpCdDCeemHa+rI3WBGq5z7cDMZgoLjY40oninGxqk+8NzNQ=="
    },
    "@types/node": {
      "version": "16.11.12",
      "resolved": "https://registry.npmjs.org/@types/node/-/node-16.11.12.tgz",
      "integrity": "sha512-+2Iggwg7PxoO5Kyhvsq9VarmPbIelXP070HMImEpbtGCoyWNINQj4wzjbQCXzdHTRXnqufutJb5KAURZANNBAw==",
      "dev": true
    },
    "@types/path-browserify": {
      "version": "1.0.0",
      "resolved": "https://registry.npmjs.org/@types/path-browserify/-/path-browserify-1.0.0.tgz",
      "integrity": "sha512-XMCcyhSvxcch8b7rZAtFAaierBYdeHXVvg2iYnxOV0MCQHmPuRRmGZPFDRzPayxcGiiSL1Te9UIO+f3cuj0tfw==",
      "dev": true
    },
    "browser-hrtime": {
      "version": "1.1.8",
      "resolved": "https://registry.npmjs.org/browser-hrtime/-/browser-hrtime-1.1.8.tgz",
      "integrity": "sha512-kzXheikaJsBtzUBlyVtPIY5r0soQePzjwVwT4IlDpU2RvfB5Py52gpU98M77rgqMCheoSSZvrcrdj3t6cZ3suA=="
    },
    "fflate": {
      "version": "0.7.3",
      "resolved": "https://registry.npmjs.org/fflate/-/fflate-0.7.3.tgz",
      "integrity": "sha512-0Zz1jOzJWERhyhsimS54VTqOteCNwRtIlh8isdL0AXLo0g7xNTfTL7oWrkmCnPhZGocKIkWHBistBrrpoNH3aw=="
    },
    "fflate-unzip": {
      "version": "0.7.0",
      "resolved": "https://registry.npmjs.org/fflate-unzip/-/fflate-unzip-0.7.0.tgz",
      "integrity": "sha512-sVnbUzm3clnY4+cub6oVdqCv1+WG14oaAqICd99YRgOPo5VeYZWFKPsOg/gL5S2qGitlZssF/TTd75aHvcacpA==",
      "requires": {
        "fflate": "^0.7.1",
        "mkdirp": "^1.0.4"
      }
    },
    "fs-monkey": {
      "version": "1.0.3",
      "resolved": "https://registry.npmjs.org/fs-monkey/-/fs-monkey-1.0.3.tgz",
      "integrity": "sha512-cybjIfiiE+pTWicSCLFHSrXZ6EilF30oh91FDP9S2B051prEa7QWfrVTQm10/dDpswBDXZugPa1Ogu8Yh+HV0Q=="
    },
    "memfs": {
      "version": "3.4.7",
      "resolved": "https://registry.npmjs.org/memfs/-/memfs-3.4.7.tgz",
      "integrity": "sha512-ygaiUSNalBX85388uskeCyhSAoOSgzBbtVCr9jA2RROssFL9Q19/ZXFqS+2Th2sr1ewNIWgFdLzLC3Yl1Zv+lw==",
      "requires": {
        "fs-monkey": "^1.0.3"
      }
    },
    "mkdirp": {
      "version": "1.0.4",
      "resolved": "https://registry.npmjs.org/mkdirp/-/mkdirp-1.0.4.tgz",
      "integrity": "sha512-vVqVZQyf3WLx2Shd0qJ9xuvqgAyKPLAiqITEtqW0oIUjzo3PePDd6fW9iFz30ef7Ysp/oiWqbhszeGWW2T6Gzw=="
    },
    "path-browserify": {
      "version": "1.0.1",
      "resolved": "https://registry.npmjs.org/path-browserify/-/path-browserify-1.0.1.tgz",
      "integrity": "sha512-b7uo2UCUOYZcnF/3ID0lulOJi/bafxa1xPe7ZPsammBSpjSWQkjNxlt635YGS2MiR9GjvuXCtz2emr3jbsz98g=="
    },
    "randombytes": {
      "version": "2.1.0",
      "resolved": "https://registry.npmjs.org/randombytes/-/randombytes-2.1.0.tgz",
      "integrity": "sha512-vYl3iOX+4CKUWuxGi9Ukhie6fsqXqS9FE2Zaic4tNFD2N2QQaXOMFbuKK4QmDHC0JO6B1Zp41J0LpT0oR68amQ==",
      "requires": {
        "safe-buffer": "^5.1.0"
      }
    },
    "randomfill": {
      "version": "1.0.4",
      "resolved": "https://registry.npmjs.org/randomfill/-/randomfill-1.0.4.tgz",
      "integrity": "sha512-87lcbR8+MhcWcUiQ+9e+Rwx8MyR2P7qnt15ynUlbm3TU/fjbgz4GsvfSUDTemtCCtVCqb4ZcEFlyPNTh9bBTLw==",
      "requires": {
        "randombytes": "^2.0.5",
        "safe-buffer": "^5.1.0"
      }
    },
    "safe-buffer": {
      "version": "5.2.1",
      "resolved": "https://registry.npmjs.org/safe-buffer/-/safe-buffer-5.2.1.tgz",
      "integrity": "sha512-rp3So07KcdmmKbGvgaNxQSJr7bGVSVk5S9Eq1F+ppbRo70+YeaDxkw5Dd8NPN+GD6bjnYm2VuPuCXmpuYvmCXQ=="
    },
    "typescript": {
      "version": "4.5.2",
      "resolved": "https://registry.npmjs.org/typescript/-/typescript-4.5.2.tgz",
      "integrity": "sha512-5BlMof9H1yGt0P8/WF+wPNw6GfctgGjXp5hkblpyT+8rkASSmkUKMXrxR0Xg8ThVCi/JnHQiKXeBaEwCeQwMFw==",
      "dev": true
    },
    "unionfs": {
      "version": "4.4.0",
      "resolved": "https://registry.npmjs.org/unionfs/-/unionfs-4.4.0.tgz",
      "integrity": "sha512-N+TuJHJ3PjmzIRCE1d2N3VN4qg/P78eh/nxzwHnzpg3W2Mvf8Wvi7J1mvv6eNkb8neUeSdFSQsKna0eXVyF4+w==",
      "requires": {
        "fs-monkey": "^1.0.0"
      }
    }
  }
}
