{
  "name": "@cowasm/mpmath",
  "version": "1.0.0",
  "lockfileVersion": 2,
  "requires": true,
  "packages": {
    "": {
      "name": "@cowasm/mpmath",
      "version": "1.0.0",
      "license": "BSD-3-Clause",
      "devDependencies": {}
    },
    "../cpython": {
      "name": "@cowasm/cpython",
      "version": "1.0.3",
      "extraneous": true,
      "license": "BSD-3-Clause",
      "dependencies": {
        "@cowasm/kernel": "^0.27.9"
      },
      "bin": {
        "cpython": "bin/python-wasm"
      },
      "devDependencies": {
        "@cowasm/bzip2": "^1.0.1",
        "@cowasm/libedit": "^1.0.0",
        "@cowasm/lzma": "^1.0.3",
        "@cowasm/ncurses": "^1.0.0",
        "@cowasm/openssl": "^1.0.1",
        "@cowasm/posix-wasm": "^1.0.3",
        "@cowasm/sqlite": "^1.0.0",
        "@cowasm/termcap": "^1.0.0",
        "@cowasm/zlib": "^1.0.0",
        "dylink": "^0.11.2"
      }
    }
  }
}
